// !$*UTF8*$!
{
	archiveVersion = 1;
	classes = {
	};
	objectVersion = 46;
	objects = {

/* Begin PBXBuildFile section */
		2DF504DA6F462EA0D8048255 /* Pods_MaterialSideMenu.framework in Frameworks */ = {isa = PBXBuildFile; fileRef = 2675DECDCC96E517967879D7 /* Pods_MaterialSideMenu.framework */; };
		BD1F33681CC3BCD6008301F3 /* AppDelegate.swift in Sources */ = {isa = PBXBuildFile; fileRef = BD1F33671CC3BCD6008301F3 /* AppDelegate.swift */; };
		BD1F336A1CC3BCD6008301F3 /* ViewController.swift in Sources */ = {isa = PBXBuildFile; fileRef = BD1F33691CC3BCD6008301F3 /* ViewController.swift */; };
		BD1F336D1CC3BCD6008301F3 /* Main.storyboard in Resources */ = {isa = PBXBuildFile; fileRef = BD1F336B1CC3BCD6008301F3 /* Main.storyboard */; };
		BD1F336F1CC3BCD7008301F3 /* Assets.xcassets in Resources */ = {isa = PBXBuildFile; fileRef = BD1F336E1CC3BCD7008301F3 /* Assets.xcassets */; };
		BD1F33721CC3BCD7008301F3 /* LaunchScreen.storyboard in Resources */ = {isa = PBXBuildFile; fileRef = BD1F33701CC3BCD7008301F3 /* LaunchScreen.storyboard */; };
		BD1F337A1CC3F843008301F3 /* SideMenuViewController.swift in Sources */ = {isa = PBXBuildFile; fileRef = BD1F33791CC3F843008301F3 /* SideMenuViewController.swift */; };
		BD1F33861CC43246008301F3 /* Menu1ViewController.swift in Sources */ = {isa = PBXBuildFile; fileRef = BD1F33851CC43246008301F3 /* Menu1ViewController.swift */; };
		BD1F33881CC43254008301F3 /* Menu2ViewController.swift in Sources */ = {isa = PBXBuildFile; fileRef = BD1F33871CC43254008301F3 /* Menu2ViewController.swift */; };
/* End PBXBuildFile section */

/* Begin PBXFileReference section */
		2675DECDCC96E517967879D7 /* Pods_MaterialSideMenu.framework */ = {isa = PBXFileReference; explicitFileType = wrapper.framework; includeInIndex = 0; path = Pods_MaterialSideMenu.framework; sourceTree = BUILT_PRODUCTS_DIR; };
		86BE35D71470E00DA58705CB /* Pods-MaterialSideMenu.debug.xcconfig */ = {isa = PBXFileReference; includeInIndex = 1; lastKnownFileType = text.xcconfig; name = "Pods-MaterialSideMenu.debug.xcconfig"; path = "Pods/Target Support Files/Pods-MaterialSideMenu/Pods-MaterialSideMenu.debug.xcconfig"; sourceTree = "<group>"; };
		BD1F33641CC3BCD6008301F3 /* MaterialSideMenu.app */ = {isa = PBXFileReference; explicitFileType = wrapper.application; includeInIndex = 0; path = MaterialSideMenu.app; sourceTree = BUILT_PRODUCTS_DIR; };
		BD1F33671CC3BCD6008301F3 /* AppDelegate.swift */ = {isa = PBXFileReference; lastKnownFileType = sourcecode.swift; path = AppDelegate.swift; sourceTree = "<group>"; };
		BD1F33691CC3BCD6008301F3 /* ViewController.swift */ = {isa = PBXFileReference; lastKnownFileType = sourcecode.swift; path = ViewController.swift; sourceTree = "<group>"; };
		BD1F336C1CC3BCD6008301F3 /* Base */ = {isa = PBXFileReference; lastKnownFileType = file.storyboard; name = Base; path = Base.lproj/Main.storyboard; sourceTree = "<group>"; };
		BD1F336E1CC3BCD7008301F3 /* Assets.xcassets */ = {isa = PBXFileReference; lastKnownFileType = folder.assetcatalog; path = Assets.xcassets; sourceTree = "<group>"; };
		BD1F33711CC3BCD7008301F3 /* Base */ = {isa = PBXFileReference; lastKnownFileType = file.storyboard; name = Base; path = Base.lproj/LaunchScreen.storyboard; sourceTree = "<group>"; };
		BD1F33731CC3BCD7008301F3 /* Info.plist */ = {isa = PBXFileReference; lastKnownFileType = text.plist.xml; path = Info.plist; sourceTree = "<group>"; };
		BD1F33791CC3F843008301F3 /* SideMenuViewController.swift */ = {isa = PBXFileReference; fileEncoding = 4; lastKnownFileType = sourcecode.swift; path = SideMenuViewController.swift; sourceTree = "<group>"; };
		BD1F33851CC43246008301F3 /* Menu1ViewController.swift */ = {isa = PBXFileReference; fileEncoding = 4; lastKnownFileType = sourcecode.swift; path = Menu1ViewController.swift; sourceTree = "<group>"; };
		BD1F33871CC43254008301F3 /* Menu2ViewController.swift */ = {isa = PBXFileReference; fileEncoding = 4; lastKnownFileType = sourcecode.swift; path = Menu2ViewController.swift; sourceTree = "<group>"; };
		C8C47F12D81F079971321140 /* Pods-MaterialSideMenu.release.xcconfig */ = {isa = PBXFileReference; includeInIndex = 1; lastKnownFileType = text.xcconfig; name = "Pods-MaterialSideMenu.release.xcconfig"; path = "Pods/Target Support Files/Pods-MaterialSideMenu/Pods-MaterialSideMenu.release.xcconfig"; sourceTree = "<group>"; };
/* End PBXFileReference section */

/* Begin PBXFrameworksBuildPhase section */
		BD1F33611CC3BCD6008301F3 /* Frameworks */ = {
			isa = PBXFrameworksBuildPhase;
			buildActionMask = 2147483647;
			files = (
				2DF504DA6F462EA0D8048255 /* Pods_MaterialSideMenu.framework in Frameworks */,
			);
			runOnlyForDeploymentPostprocessing = 0;
		};
/* End PBXFrameworksBuildPhase section */

/* Begin PBXGroup section */
		7BE78AF6FCB5AD7800EE7457 /* Pods */ = {
			isa = PBXGroup;
			children = (
				86BE35D71470E00DA58705CB /* Pods-MaterialSideMenu.debug.xcconfig */,
				C8C47F12D81F079971321140 /* Pods-MaterialSideMenu.release.xcconfig */,
			);
			name = Pods;
			sourceTree = "<group>";
		};
		BD1F335B1CC3BCD6008301F3 = {
			isa = PBXGroup;
			children = (
				BD1F33661CC3BCD6008301F3 /* MaterialSideMenu */,
				BD1F33651CC3BCD6008301F3 /* Products */,
				7BE78AF6FCB5AD7800EE7457 /* Pods */,
				DE4082B2A3CD8E7D60A37FD5 /* Frameworks */,
			);
			sourceTree = "<group>";
		};
		BD1F33651CC3BCD6008301F3 /* Products */ = {
			isa = PBXGroup;
			children = (
				BD1F33641CC3BCD6008301F3 /* MaterialSideMenu.app */,
			);
			name = Products;
			sourceTree = "<group>";
		};
		BD1F33661CC3BCD6008301F3 /* MaterialSideMenu */ = {
			isa = PBXGroup;
			children = (
				BD1F33671CC3BCD6008301F3 /* AppDelegate.swift */,
				BD1F33691CC3BCD6008301F3 /* ViewController.swift */,
				BD1F33791CC3F843008301F3 /* SideMenuViewController.swift */,
				BD1F33851CC43246008301F3 /* Menu1ViewController.swift */,
				BD1F33871CC43254008301F3 /* Menu2ViewController.swift */,
				BD1F336B1CC3BCD6008301F3 /* Main.storyboard */,
				BD1F336E1CC3BCD7008301F3 /* Assets.xcassets */,
				BD1F33701CC3BCD7008301F3 /* LaunchScreen.storyboard */,
				BD1F33731CC3BCD7008301F3 /* Info.plist */,
			);
			path = MaterialSideMenu;
			sourceTree = "<group>";
		};
		DE4082B2A3CD8E7D60A37FD5 /* Frameworks */ = {
			isa = PBXGroup;
			children = (
				2675DECDCC96E517967879D7 /* Pods_MaterialSideMenu.framework */,
			);
			name = Frameworks;
			sourceTree = "<group>";
		};
/* End PBXGroup section */

/* Begin PBXNativeTarget section */
		BD1F33631CC3BCD6008301F3 /* MaterialSideMenu */ = {
			isa = PBXNativeTarget;
			buildConfigurationList = BD1F33761CC3BCD7008301F3 /* Build configuration list for PBXNativeTarget "MaterialSideMenu" */;
			buildPhases = (
				15844AFCBF1DA1EB03DDD941 /* Check Pods Manifest.lock */,
				BD1F33601CC3BCD6008301F3 /* Sources */,
				BD1F33611CC3BCD6008301F3 /* Frameworks */,
				BD1F33621CC3BCD6008301F3 /* Resources */,
				8DE3277353852E94E94690A7 /* Embed Pods Frameworks */,
				884FA378177CC871C8CE8E5D /* Copy Pods Resources */,
			);
			buildRules = (
			);
			dependencies = (
			);
			name = MaterialSideMenu;
			productName = MaterialSideMenu;
			productReference = BD1F33641CC3BCD6008301F3 /* MaterialSideMenu.app */;
			productType = "com.apple.product-type.application";
		};
/* End PBXNativeTarget section */

/* Begin PBXProject section */
		BD1F335C1CC3BCD6008301F3 /* Project object */ = {
			isa = PBXProject;
			attributes = {
				LastSwiftUpdateCheck = 0730;
				LastUpgradeCheck = 0730;
				ORGANIZATIONNAME = "Richard Koncz";
				TargetAttributes = {
					BD1F33631CC3BCD6008301F3 = {
						CreatedOnToolsVersion = 7.3;
					};
				};
			};
			buildConfigurationList = BD1F335F1CC3BCD6008301F3 /* Build configuration list for PBXProject "MaterialSideMenu" */;
			compatibilityVersion = "Xcode 3.2";
			developmentRegion = English;
			hasScannedForEncodings = 0;
			knownRegions = (
				en,
				Base,
			);
			mainGroup = BD1F335B1CC3BCD6008301F3;
			productRefGroup = BD1F33651CC3BCD6008301F3 /* Products */;
			projectDirPath = "";
			projectRoot = "";
			targets = (
				BD1F33631CC3BCD6008301F3 /* MaterialSideMenu */,
			);
		};
/* End PBXProject section */

/* Begin PBXResourcesBuildPhase section */
		BD1F33621CC3BCD6008301F3 /* Resources */ = {
			isa = PBXResourcesBuildPhase;
			buildActionMask = 2147483647;
			files = (
				BD1F33721CC3BCD7008301F3 /* LaunchScreen.storyboard in Resources */,
				BD1F336F1CC3BCD7008301F3 /* Assets.xcassets in Resources */,
				BD1F336D1CC3BCD6008301F3 /* Main.storyboard in Resources */,
			);
			runOnlyForDeploymentPostprocessing = 0;
		};
/* End PBXResourcesBuildPhase section */

/* Begin PBXShellScriptBuildPhase section */
		15844AFCBF1DA1EB03DDD941 /* Check Pods Manifest.lock */ = {
			isa = PBXShellScriptBuildPhase;
			buildActionMask = 2147483647;
			files = (
			);
			inputPaths = (
			);
			name = "Check Pods Manifest.lock";
			outputPaths = (
			);
			runOnlyForDeploymentPostprocessing = 0;
			shellPath = /bin/sh;
			shellScript = "diff \"${PODS_ROOT}/../Podfile.lock\" \"${PODS_ROOT}/Manifest.lock\" > /dev/null\nif [[ $? != 0 ]] ; then\n    cat << EOM\nerror: The sandbox is not in sync with the Podfile.lock. Run 'pod install' or update your CocoaPods installation.\nEOM\n    exit 1\nfi\n";
			showEnvVarsInLog = 0;
		};
		884FA378177CC871C8CE8E5D /* Copy Pods Resources */ = {
			isa = PBXShellScriptBuildPhase;
			buildActionMask = 2147483647;
			files = (
			);
			inputPaths = (
			);
			name = "Copy Pods Resources";
			outputPaths = (
			);
			runOnlyForDeploymentPostprocessing = 0;
			shellPath = /bin/sh;
			shellScript = "\"${SRCROOT}/Pods/Target Support Files/Pods-MaterialSideMenu/Pods-MaterialSideMenu-resources.sh\"\n";
			showEnvVarsInLog = 0;
		};
		8DE3277353852E94E94690A7 /* Embed Pods Frameworks */ = {
			isa = PBXShellScriptBuildPhase;
			buildActionMask = 2147483647;
			files = (
			);
			inputPaths = (
			);
			name = "Embed Pods Frameworks";
			outputPaths = (
			);
			runOnlyForDeploymentPostprocessing = 0;
			shellPath = /bin/sh;
			shellScript = "\"${SRCROOT}/Pods/Target Support Files/Pods-MaterialSideMenu/Pods-MaterialSideMenu-frameworks.sh\"\n";
			showEnvVarsInLog = 0;
		};
/* End PBXShellScriptBuildPhase section */

/* Begin PBXSourcesBuildPhase section */
		BD1F33601CC3BCD6008301F3 /* Sources */ = {
			isa = PBXSourcesBuildPhase;
			buildActionMask = 2147483647;
			files = (
				BD1F336A1CC3BCD6008301F3 /* ViewController.swift in Sources */,
				BD1F337A1CC3F843008301F3 /* SideMenuViewController.swift in Sources */,
				BD1F33681CC3BCD6008301F3 /* AppDelegate.swift in Sources */,
				BD1F33881CC43254008301F3 /* Menu2ViewController.swift in Sources */,
				BD1F33861CC43246008301F3 /* Menu1ViewController.swift in Sources */,
			);
			runOnlyForDeploymentPostprocessing = 0;
		};
/* End PBXSourcesBuildPhase section */

/* Begin PBXVariantGroup section */
		BD1F336B1CC3BCD6008301F3 /* Main.storyboard */ = {
			isa = PBXVariantGroup;
			children = (
				BD1F336C1CC3BCD6008301F3 /* Base */,
			);
			name = Main.storyboard;
			sourceTree = "<group>";
		};
		BD1F33701CC3BCD7008301F3 /* LaunchScreen.storyboard */ = {
			isa = PBXVariantGroup;
			children = (
				BD1F33711CC3BCD7008301F3 /* Base */,
			);
			name = LaunchScreen.storyboard;
			sourceTree = "<group>";
		};
/* End PBXVariantGroup section */

/* Begin XCBuildConfiguration section */
		BD1F33741CC3BCD7008301F3 /* Debug */ = {
			isa = XCBuildConfiguration;
			buildSettings = {
				ALWAYS_SEARCH_USER_PATHS = NO;
				CLANG_ANALYZER_NONNULL = YES;
				CLANG_CXX_LANGUAGE_STANDARD = "gnu++0x";
				CLANG_CXX_LIBRARY = "libc++";
				CLANG_ENABLE_MODULES = YES;
				CLANG_ENABLE_OBJC_ARC = YES;
				CLANG_WARN_BOOL_CONVERSION = YES;
				CLANG_WARN_CONSTANT_CONVERSION = YES;
				CLANG_WARN_DIRECT_OBJC_ISA_USAGE = YES_ERROR;
				CLANG_WARN_EMPTY_BODY = YES;
				CLANG_WARN_ENUM_CONVERSION = YES;
				CLANG_WARN_INT_CONVERSION = YES;
				CLANG_WARN_OBJC_ROOT_CLASS = YES_ERROR;
				CLANG_WARN_UNREACHABLE_CODE = YES;
				CLANG_WARN__DUPLICATE_METHOD_MATCH = YES;
				"CODE_SIGN_IDENTITY[sdk=iphoneos*]" = "iPhone Developer";
				COPY_PHASE_STRIP = NO;
				DEBUG_INFORMATION_FORMAT = dwarf;
				ENABLE_STRICT_OBJC_MSGSEND = YES;
				ENABLE_TESTABILITY = YES;
				GCC_C_LANGUAGE_STANDARD = gnu99;
				GCC_DYNAMIC_NO_PIC = NO;
				GCC_NO_COMMON_BLOCKS = YES;
				GCC_OPTIMIZATION_LEVEL = 0;
				GCC_PREPROCESSOR_DEFINITIONS = (
					"DEBUG=1",
					"$(inherited)",
				);
				GCC_WARN_64_TO_32_BIT_CONVERSION = YES;
				GCC_WARN_ABOUT_RETURN_TYPE = YES_ERROR;
				GCC_WARN_UNDECLARED_SELECTOR = YES;
				GCC_WARN_UNINITIALIZED_AUTOS = YES_AGGRESSIVE;
				GCC_WARN_UNUSED_FUNCTION = YES;
				GCC_WARN_UNUSED_VARIABLE = YES;
				IPHONEOS_DEPLOYMENT_TARGET = 9.3;
				MTL_ENABLE_DEBUG_INFO = YES;
				ONLY_ACTIVE_ARCH = YES;
				SDKROOT = iphoneos;
				SWIFT_OPTIMIZATION_LEVEL = "-Onone";
			};
			name = Debug;
		};
		BD1F33751CC3BCD7008301F3 /* Release */ = {
			isa = XCBuildConfiguration;
			buildSettings = {
				ALWAYS_SEARCH_USER_PATHS = NO;
				CLANG_ANALYZER_NONNULL = YES;
				CLANG_CXX_LANGUAGE_STANDARD = "gnu++0x";
				CLANG_CXX_LIBRARY = "libc++";
				CLANG_ENABLE_MODULES = YES;
				CLANG_ENABLE_OBJC_ARC = YES;
				CLANG_WARN_BOOL_CONVERSION = YES;
				CLANG_WARN_CONSTANT_CONVERSION = YES;
				CLANG_WARN_DIRECT_OBJC_ISA_USAGE = YES_ERROR;
				CLANG_WARN_EMPTY_BODY = YES;
				CLANG_WARN_ENUM_CONVERSION = YES;
				CLANG_WARN_INT_CONVERSION = YES;
				CLANG_WARN_OBJC_ROOT_CLASS = YES_ERROR;
				CLANG_WARN_UNREACHABLE_CODE = YES;
				CLANG_WARN__DUPLICATE_METHOD_MATCH = YES;
				"CODE_SIGN_IDENTITY[sdk=iphoneos*]" = "iPhone Developer";
				COPY_PHASE_STRIP = NO;
				DEBUG_INFORMATION_FORMAT = "dwarf-with-dsym";
				ENABLE_NS_ASSERTIONS = NO;
				ENABLE_STRICT_OBJC_MSGSEND = YES;
				GCC_C_LANGUAGE_STANDARD = gnu99;
				GCC_NO_COMMON_BLOCKS = YES;
				GCC_WARN_64_TO_32_BIT_CONVERSION = YES;
				GCC_WARN_ABOUT_RETURN_TYPE = YES_ERROR;
				GCC_WARN_UNDECLARED_SELECTOR = YES;
				GCC_WARN_UNINITIALIZED_AUTOS = YES_AGGRESSIVE;
				GCC_WARN_UNUSED_FUNCTION = YES;
				GCC_WARN_UNUSED_VARIABLE = YES;
				IPHONEOS_DEPLOYMENT_TARGET = 9.3;
				MTL_ENABLE_DEBUG_INFO = NO;
				SDKROOT = iphoneos;
				VALIDATE_PRODUCT = YES;
			};
			name = Release;
		};
		BD1F33771CC3BCD7008301F3 /* Debug */ = {
			isa = XCBuildConfiguration;
			baseConfigurationReference = 86BE35D71470E00DA58705CB /* Pods-MaterialSideMenu.debug.xcconfig */;
			buildSettings = {
				ASSETCATALOG_COMPILER_APPICON_NAME = AppIcon;
				INFOPLIST_FILE = MaterialSideMenu/Info.plist;
				LD_RUNPATH_SEARCH_PATHS = "$(inherited) @executable_path/Frameworks";
				PRODUCT_BUNDLE_IDENTIFIER = com.rikosoft.MaterialSideMenu;
				PRODUCT_NAME = "$(TARGET_NAME)";
			};
			name = Debug;
		};
		BD1F33781CC3BCD7008301F3 /* Release */ = {
			isa = XCBuildConfiguration;
			baseConfigurationReference = C8C47F12D81F079971321140 /* Pods-MaterialSideMenu.release.xcconfig */;
			buildSettings = {
				ASSETCATALOG_COMPILER_APPICON_NAME = AppIcon;
				INFOPLIST_FILE = MaterialSideMenu/Info.plist;
				LD_RUNPATH_SEARCH_PATHS = "$(inherited) @executable_path/Frameworks";
				PRODUCT_BUNDLE_IDENTIFIER = com.rikosoft.MaterialSideMenu;
				PRODUCT_NAME = "$(TARGET_NAME)";
			};
			name = Release;
		};
/* End XCBuildConfiguration section */

/* Begin XCConfigurationList section */
		BD1F335F1CC3BCD6008301F3 /* Build configuration list for PBXProject "MaterialSideMenu" */ = {
			isa = XCConfigurationList;
			buildConfigurations = (
				BD1F33741CC3BCD7008301F3 /* Debug */,
				BD1F33751CC3BCD7008301F3 /* Release */,
			);
			defaultConfigurationIsVisible = 0;
			defaultConfigurationName = Release;
		};
		BD1F33761CC3BCD7008301F3 /* Build configuration list for PBXNativeTarget "MaterialSideMenu" */ = {
			isa = XCConfigurationList;
			buildConfigurations = (
				BD1F33771CC3BCD7008301F3 /* Debug */,
				BD1F33781CC3BCD7008301F3 /* Release */,
			);
			defaultConfigurationIsVisible = 0;
			defaultConfigurationName = Release;
		};
/* End XCConfigurationList section */
	};
	rootObject = BD1F335C1CC3BCD6008301F3 /* Project object */;
}
